
Microsoft Visual Studio Solution File, Format Version 12.00
# Visual Studio Version 17
VisualStudioVersion = 17.2.32526.322
MinimumVisualStudioVersion = 10.0.40219.1
Project("{FAE04EC0-301F-11D3-BF4B-00C04F79EFBC}") = "FinalProject.API", "FinalProject.API\FinalProject.API.csproj", "{52A35486-9792-437A-B370-EFB24559FDC7}"
EndProject
Global
	GlobalSection(SolutionConfigurationPlatforms) = preSolution
		Debug|Any CPU = Debug|Any CPU
		Release|Any CPU = Release|Any CPU
	EndGlobalSection
	GlobalSection(ProjectConfigurationPlatforms) = postSolution
		{52A35486-9792-437A-B370-EFB24559FDC7}.Debug|Any CPU.ActiveCfg = Debug|Any CPU
		{52A35486-9792-437A-B370-EFB24559FDC7}.Debug|Any CPU.Build.0 = Debug|Any CPU
		{52A35486-9792-437A-B370-EFB24559FDC7}.Release|Any CPU.ActiveCfg = Release|Any CPU
		{52A35486-9792-437A-B370-EFB24559FDC7}.Release|Any CPU.Build.0 = Release|Any CPU
	EndGlobalSection
	GlobalSection(SolutionProperties) = preSolution
		HideSolutionNode = FALSE
	EndGlobalSection
	GlobalSection(ExtensibilityGlobals) = postSolution
		SolutionGuid = {AAE31492-CCAB-4EE1-AE4D-9445C32FBD77}
	EndGlobalSection
EndGlobal
